{
  "name": "test-randomcolor",
  "lockfileVersion": 3,
  "requires": true,
  "packages": {
    "": {
      "dependencies": {
        "random-color-sync": "^1.0.0"
      }
    },
    "node_modules/random-color-sync": {
      "version": "1.0.0",
      "resolved": "https://registry.npmjs.org/random-color-sync/-/random-color-sync-1.0.0.tgz",
      "integrity": "sha512-1g+Zryx0ThN8RLLV1EjTPeVJ4d2VAW9wGFUSA0ec0m7JJjYVRE+629yG8mquWiqIVJE13zykjBEfwBY8vUghFw==",
      "license": "ISC"
    }
  }
}
