{
  "name": "test-randomcolor",
  "lockfileVersion": 3,
  "requires": true,
  "packages": {
    "": {
      "dependencies": {
        "random-color": "file:../random-color"
      }
    },
    "../random-color": {
      "version": "1.0.0",
      "license": "ISC"
    },
    "node_modules/random-color": {
      "resolved": "../random-color",
      "link": true
    }
  }
}
